// !$*UTF8*$!
{
	archiveVersion = 1;
	classes = {
	};
	objectVersion = 46;
	objects = {

/* Begin PBXBuildFile section */
		35800EF1144FBB52002B7342 /* Cocoa.framework in Frameworks */ = {isa = PBXBuildFile; fileRef = 35800EF0144FBB52002B7342 /* Cocoa.framework */; };
		35800EFB144FBB52002B7342 /* InfoPlist.strings in Resources */ = {isa = PBXBuildFile; fileRef = 35800EF9144FBB52002B7342 /* InfoPlist.strings */; };
		35800EFD144FBB52002B7342 /* main.m in Sources */ = {isa = PBXBuildFile; fileRef = 35800EFC144FBB52002B7342 /* main.m */; };
		35800F01144FBB52002B7342 /* Credits.rtf in Resources */ = {isa = PBXBuildFile; fileRef = 35800EFF144FBB52002B7342 /* Credits.rtf */; };
		35800F04144FBB52002B7342 /* DragDropDemoAppDelegate.m in Sources */ = {isa = PBXBuildFile; fileRef = 35800F03144FBB52002B7342 /* DragDropDemoAppDelegate.m */; };
		35800F07144FBB53002B7342 /* MainMenu.xib in Resources */ = {isa = PBXBuildFile; fileRef = 35800F05144FBB53002B7342 /* MainMenu.xib */; };
		35965B14144FC203008B8913 /* DragDropImageView.m in Sources */ = {isa = PBXBuildFile; fileRef = 35965B13144FC203008B8913 /* DragDropImageView.m */; };
/* End PBXBuildFile section */

/* Begin PBXFileReference section */
		35800EEC144FBB52002B7342 /* DragDropDemo.app */ = {isa = PBXFileReference; explicitFileType = wrapper.application; includeInIndex = 0; path = DragDropDemo.app; sourceTree = BUILT_PRODUCTS_DIR; };
		35800EF0144FBB52002B7342 /* Cocoa.framework */ = {isa = PBXFileReference; lastKnownFileType = wrapper.framework; name = Cocoa.framework; path = System/Library/Frameworks/Cocoa.framework; sourceTree = SDKROOT; };
		35800EF3144FBB52002B7342 /* AppKit.framework */ = {isa = PBXFileReference; lastKnownFileType = wrapper.framework; name = AppKit.framework; path = System/Library/Frameworks/AppKit.framework; sourceTree = SDKROOT; };
		35800EF4144FBB52002B7342 /* CoreData.framework */ = {isa = PBXFileReference; lastKnownFileType = wrapper.framework; name = CoreData.framework; path = System/Library/Frameworks/CoreData.framework; sourceTree = SDKROOT; };
		35800EF5144FBB52002B7342 /* Foundation.framework */ = {isa = PBXFileReference; lastKnownFileType = wrapper.framework; name = Foundation.framework; path = System/Library/Frameworks/Foundation.framework; sourceTree = SDKROOT; };
		35800EF8144FBB52002B7342 /* DragDropDemo-Info.plist */ = {isa = PBXFileReference; lastKnownFileType = text.plist.xml; path = "DragDropDemo-Info.plist"; sourceTree = "<group>"; };
		35800EFA144FBB52002B7342 /* en */ = {isa = PBXFileReference; lastKnownFileType = text.plist.strings; name = en; path = en.lproj/InfoPlist.strings; sourceTree = "<group>"; };
		35800EFC144FBB52002B7342 /* main.m */ = {isa = PBXFileReference; lastKnownFileType = sourcecode.c.objc; path = main.m; sourceTree = "<group>"; };
		35800EFE144FBB52002B7342 /* DragDropDemo-Prefix.pch */ = {isa = PBXFileReference; lastKnownFileType = sourcecode.c.h; path = "DragDropDemo-Prefix.pch"; sourceTree = "<group>"; };
		35800F00144FBB52002B7342 /* en */ = {isa = PBXFileReference; lastKnownFileType = text.rtf; name = en; path = en.lproj/Credits.rtf; sourceTree = "<group>"; };
		35800F02144FBB52002B7342 /* DragDropDemoAppDelegate.h */ = {isa = PBXFileReference; lastKnownFileType = sourcecode.c.h; path = DragDropDemoAppDelegate.h; sourceTree = "<group>"; };
		35800F03144FBB52002B7342 /* DragDropDemoAppDelegate.m */ = {isa = PBXFileReference; lastKnownFileType = sourcecode.c.objc; path = DragDropDemoAppDelegate.m; sourceTree = "<group>"; };
		35800F06144FBB53002B7342 /* en */ = {isa = PBXFileReference; lastKnownFileType = file.xib; name = en; path = en.lproj/MainMenu.xib; sourceTree = "<group>"; };
		35965B12144FC203008B8913 /* DragDropImageView.h */ = {isa = PBXFileReference; fileEncoding = 4; lastKnownFileType = sourcecode.c.h; path = DragDropImageView.h; sourceTree = "<group>"; };
		35965B13144FC203008B8913 /* DragDropImageView.m */ = {isa = PBXFileReference; fileEncoding = 4; lastKnownFileType = sourcecode.c.objc; path = DragDropImageView.m; sourceTree = "<group>"; };
/* End PBXFileReference section */

/* Begin PBXFrameworksBuildPhase section */
		35800EE9144FBB52002B7342 /* Frameworks */ = {
			isa = PBXFrameworksBuildPhase;
			buildActionMask = 2147483647;
			files = (
				35800EF1144FBB52002B7342 /* Cocoa.framework in Frameworks */,
			);
			runOnlyForDeploymentPostprocessing = 0;
		};
/* End PBXFrameworksBuildPhase section */

/* Begin PBXGroup section */
		35800EE1144FBB52002B7342 = {
			isa = PBXGroup;
			children = (
				35800EF6144FBB52002B7342 /* DragDropDemo */,
				35800EEF144FBB52002B7342 /* Frameworks */,
				35800EED144FBB52002B7342 /* Products */,
			);
			sourceTree = "<group>";
		};
		35800EED144FBB52002B7342 /* Products */ = {
			isa = PBXGroup;
			children = (
				35800EEC144FBB52002B7342 /* DragDropDemo.app */,
			);
			name = Products;
			sourceTree = "<group>";
		};
		35800EEF144FBB52002B7342 /* Frameworks */ = {
			isa = PBXGroup;
			children = (
				35800EF0144FBB52002B7342 /* Cocoa.framework */,
				35800EF2144FBB52002B7342 /* Other Frameworks */,
			);
			name = Frameworks;
			sourceTree = "<group>";
		};
		35800EF2144FBB52002B7342 /* Other Frameworks */ = {
			isa = PBXGroup;
			children = (
				35800EF3144FBB52002B7342 /* AppKit.framework */,
				35800EF4144FBB52002B7342 /* CoreData.framework */,
				35800EF5144FBB52002B7342 /* Foundation.framework */,
			);
			name = "Other Frameworks";
			sourceTree = "<group>";
		};
		35800EF6144FBB52002B7342 /* DragDropDemo */ = {
			isa = PBXGroup;
			children = (
				35800F02144FBB52002B7342 /* DragDropDemoAppDelegate.h */,
				35800F03144FBB52002B7342 /* DragDropDemoAppDelegate.m */,
				35800F05144FBB53002B7342 /* MainMenu.xib */,
				35965B12144FC203008B8913 /* DragDropImageView.h */,
				35965B13144FC203008B8913 /* DragDropImageView.m */,
				35800EF7144FBB52002B7342 /* Supporting Files */,
			);
			path = DragDropDemo;
			sourceTree = "<group>";
		};
		35800EF7144FBB52002B7342 /* Supporting Files */ = {
			isa = PBXGroup;
			children = (
				35800EF8144FBB52002B7342 /* DragDropDemo-Info.plist */,
				35800EF9144FBB52002B7342 /* InfoPlist.strings */,
				35800EFC144FBB52002B7342 /* main.m */,
				35800EFE144FBB52002B7342 /* DragDropDemo-Prefix.pch */,
				35800EFF144FBB52002B7342 /* Credits.rtf */,
			);
			name = "Supporting Files";
			sourceTree = "<group>";
		};
/* End PBXGroup section */

/* Begin PBXNativeTarget section */
		35800EEB144FBB52002B7342 /* DragDropDemo */ = {
			isa = PBXNativeTarget;
			buildConfigurationList = 35800F0A144FBB53002B7342 /* Build configuration list for PBXNativeTarget "DragDropDemo" */;
			buildPhases = (
				35800EE8144FBB52002B7342 /* Sources */,
				35800EE9144FBB52002B7342 /* Frameworks */,
				35800EEA144FBB52002B7342 /* Resources */,
			);
			buildRules = (
			);
			dependencies = (
			);
			name = DragDropDemo;
			productName = DragDropDemo;
			productReference = 35800EEC144FBB52002B7342 /* DragDropDemo.app */;
			productType = "com.apple.product-type.application";
		};
/* End PBXNativeTarget section */

/* Begin PBXProject section */
		35800EE3144FBB52002B7342 /* Project object */ = {
			isa = PBXProject;
			buildConfigurationList = 35800EE6144FBB52002B7342 /* Build configuration list for PBXProject "DragDropDemo" */;
			compatibilityVersion = "Xcode 3.2";
			developmentRegion = English;
			hasScannedForEncodings = 0;
			knownRegions = (
				en,
			);
			mainGroup = 35800EE1144FBB52002B7342;
			productRefGroup = 35800EED144FBB52002B7342 /* Products */;
			projectDirPath = "";
			projectRoot = "";
			targets = (
				35800EEB144FBB52002B7342 /* DragDropDemo */,
			);
		};
/* End PBXProject section */

/* Begin PBXResourcesBuildPhase section */
		35800EEA144FBB52002B7342 /* Resources */ = {
			isa = PBXResourcesBuildPhase;
			buildActionMask = 2147483647;
			files = (
				35800EFB144FBB52002B7342 /* InfoPlist.strings in Resources */,
				35800F01144FBB52002B7342 /* Credits.rtf in Resources */,
				35800F07144FBB53002B7342 /* MainMenu.xib in Resources */,
			);
			runOnlyForDeploymentPostprocessing = 0;
		};
/* End PBXResourcesBuildPhase section */

/* Begin PBXSourcesBuildPhase section */
		35800EE8144FBB52002B7342 /* Sources */ = {
			isa = PBXSourcesBuildPhase;
			buildActionMask = 2147483647;
			files = (
				35800EFD144FBB52002B7342 /* main.m in Sources */,
				35800F04144FBB52002B7342 /* DragDropDemoAppDelegate.m in Sources */,
				35965B14144FC203008B8913 /* DragDropImageView.m in Sources */,
			);
			runOnlyForDeploymentPostprocessing = 0;
		};
/* End PBXSourcesBuildPhase section */

/* Begin PBXVariantGroup section */
		35800EF9144FBB52002B7342 /* InfoPlist.strings */ = {
			isa = PBXVariantGroup;
			children = (
				35800EFA144FBB52002B7342 /* en */,
			);
			name = InfoPlist.strings;
			sourceTree = "<group>";
		};
		35800EFF144FBB52002B7342 /* Credits.rtf */ = {
			isa = PBXVariantGroup;
			children = (
				35800F00144FBB52002B7342 /* en */,
			);
			name = Credits.rtf;
			sourceTree = "<group>";
		};
		35800F05144FBB53002B7342 /* MainMenu.xib */ = {
			isa = PBXVariantGroup;
			children = (
				35800F06144FBB53002B7342 /* en */,
			);
			name = MainMenu.xib;
			sourceTree = "<group>";
		};
/* End PBXVariantGroup section */

/* Begin XCBuildConfiguration section */
		35800F08144FBB53002B7342 /* Debug */ = {
			isa = XCBuildConfiguration;
			buildSettings = {
				ALWAYS_SEARCH_USER_PATHS = NO;
				ARCHS = "$(ARCHS_STANDARD_64_BIT)";
				COPY_PHASE_STRIP = NO;
				GCC_C_LANGUAGE_STANDARD = gnu99;
				GCC_DYNAMIC_NO_PIC = NO;
				GCC_ENABLE_OBJC_EXCEPTIONS = YES;
				GCC_OPTIMIZATION_LEVEL = 0;
				GCC_PREPROCESSOR_DEFINITIONS = (
					"DEBUG=1",
					"$(inherited)",
				);
				GCC_SYMBOLS_PRIVATE_EXTERN = NO;
				GCC_VERSION = com.apple.compilers.llvm.clang.1_0;
				GCC_WARN_64_TO_32_BIT_CONVERSION = YES;
				GCC_WARN_ABOUT_MISSING_PROTOTYPES = YES;
				GCC_WARN_ABOUT_RETURN_TYPE = YES;
				GCC_WARN_UNUSED_VARIABLE = YES;
				MACOSX_DEPLOYMENT_TARGET = 10.7;
				ONLY_ACTIVE_ARCH = YES;
				SDKROOT = macosx;
			};
			name = Debug;
		};
		35800F09144FBB53002B7342 /* Release */ = {
			isa = XCBuildConfiguration;
			buildSettings = {
				ALWAYS_SEARCH_USER_PATHS = NO;
				ARCHS = "$(ARCHS_STANDARD_64_BIT)";
				COPY_PHASE_STRIP = YES;
				DEBUG_INFORMATION_FORMAT = "dwarf-with-dsym";
				GCC_C_LANGUAGE_STANDARD = gnu99;
				GCC_ENABLE_OBJC_EXCEPTIONS = YES;
				GCC_VERSION = com.apple.compilers.llvm.clang.1_0;
				GCC_WARN_64_TO_32_BIT_CONVERSION = YES;
				GCC_WARN_ABOUT_MISSING_PROTOTYPES = YES;
				GCC_WARN_ABOUT_RETURN_TYPE = YES;
				GCC_WARN_UNUSED_VARIABLE = YES;
				MACOSX_DEPLOYMENT_TARGET = 10.7;
				SDKROOT = macosx;
			};
			name = Release;
		};
		35800F0B144FBB53002B7342 /* Debug */ = {
			isa = XCBuildConfiguration;
			buildSettings = {
				GCC_PRECOMPILE_PREFIX_HEADER = YES;
				GCC_PREFIX_HEADER = "DragDropDemo/DragDropDemo-Prefix.pch";
				INFOPLIST_FILE = "DragDropDemo/DragDropDemo-Info.plist";
				PRODUCT_NAME = "$(TARGET_NAME)";
				WRAPPER_EXTENSION = app;
			};
			name = Debug;
		};
		35800F0C144FBB53002B7342 /* Release */ = {
			isa = XCBuildConfiguration;
			buildSettings = {
				GCC_PRECOMPILE_PREFIX_HEADER = YES;
				GCC_PREFIX_HEADER = "DragDropDemo/DragDropDemo-Prefix.pch";
				INFOPLIST_FILE = "DragDropDemo/DragDropDemo-Info.plist";
				PRODUCT_NAME = "$(TARGET_NAME)";
				WRAPPER_EXTENSION = app;
			};
			name = Release;
		};
/* End XCBuildConfiguration section */

/* Begin XCConfigurationList section */
		35800EE6144FBB52002B7342 /* Build configuration list for PBXProject "DragDropDemo" */ = {
			isa = XCConfigurationList;
			buildConfigurations = (
				35800F08144FBB53002B7342 /* Debug */,
				35800F09144FBB53002B7342 /* Release */,
			);
			defaultConfigurationIsVisible = 0;
			defaultConfigurationName = Release;
		};
		35800F0A144FBB53002B7342 /* Build configuration list for PBXNativeTarget "DragDropDemo" */ = {
			isa = XCConfigurationList;
			buildConfigurations = (
				35800F0B144FBB53002B7342 /* Debug */,
				35800F0C144FBB53002B7342 /* Release */,
			);
			defaultConfigurationIsVisible = 0;
			defaultConfigurationName = Release;
		};
/* End XCConfigurationList section */
	};
	rootObject = 35800EE3144FBB52002B7342 /* Project object */;
}
